
Microsoft Visual Studio Solution File, Format Version 12.00
# Visual Studio Version 17
VisualStudioVersion = 17.2.32630.192
MinimumVisualStudioVersion = 10.0.40219.1
Project("{FAE04EC0-301F-11D3-BF4B-00C04F79EFBC}") = "SnakeGame", "SnakeGame\SnakeGame.csproj", "{E73521D1-6AE4-4060-B54C-9CCAF26CC262}"
EndProject
Global
	GlobalSection(SolutionConfigurationPlatforms) = preSolution
		Debug|Any CPU = Debug|Any CPU
		Release|Any CPU = Release|Any CPU
	EndGlobalSection
	GlobalSection(ProjectConfigurationPlatforms) = postSolution
		{E73521D1-6AE4-4060-B54C-9CCAF26CC262}.Debug|Any CPU.ActiveCfg = Debug|Any CPU
		{E73521D1-6AE4-4060-B54C-9CCAF26CC262}.Debug|Any CPU.Build.0 = Debug|Any CPU
		{E73521D1-6AE4-4060-B54C-9CCAF26CC262}.Release|Any CPU.ActiveCfg = Release|Any CPU
		{E73521D1-6AE4-4060-B54C-9CCAF26CC262}.Release|Any CPU.Build.0 = Release|Any CPU
	EndGlobalSection
	GlobalSection(SolutionProperties) = preSolution
		HideSolutionNode = FALSE
	EndGlobalSection
	GlobalSection(ExtensibilityGlobals) = postSolution
		SolutionGuid = {E0BC99A1-931D-46ED-BBA7-1EC30A3D6C49}
	EndGlobalSection
EndGlobal
